
Microsoft Visual Studio Solution File, Format Version 12.00
# Visual Studio Version 17
VisualStudioVersion = 17.5.33502.453
MinimumVisualStudioVersion = 10.0.40219.1
Project("{FAE04EC0-301F-11D3-BF4B-00C04F79EFBC}") = "ConsoleApp33", "ConsoleApp33\ConsoleApp33.csproj", "{D43CBC64-A2F4-449B-99A2-528D365D4B00}"
EndProject
Global
	GlobalSection(SolutionConfigurationPlatforms) = preSolution
		Debug|Any CPU = Debug|Any CPU
		Release|Any CPU = Release|Any CPU
	EndGlobalSection
	GlobalSection(ProjectConfigurationPlatforms) = postSolution
		{D43CBC64-A2F4-449B-99A2-528D365D4B00}.Debug|Any CPU.ActiveCfg = Debug|Any CPU
		{D43CBC64-A2F4-449B-99A2-528D365D4B00}.Debug|Any CPU.Build.0 = Debug|Any CPU
		{D43CBC64-A2F4-449B-99A2-528D365D4B00}.Release|Any CPU.ActiveCfg = Release|Any CPU
		{D43CBC64-A2F4-449B-99A2-528D365D4B00}.Release|Any CPU.Build.0 = Release|Any CPU
	EndGlobalSection
	GlobalSection(SolutionProperties) = preSolution
		HideSolutionNode = FALSE
	EndGlobalSection
	GlobalSection(ExtensibilityGlobals) = postSolution
		SolutionGuid = {2E9456D3-6DBA-4F3E-90FE-1FA4A4B98DD2}
	EndGlobalSection
EndGlobal
